// !$*UTF8*$!
{
	archiveVersion = 1;
	classes = {
	};
	objectVersion = 46;
	objects = {

/* Begin PBXBuildFile section */
		185CD4151E6A98C400241E76 /* AppDelegate.swift in Sources */ = {isa = PBXBuildFile; fileRef = 185CD4141E6A98C400241E76 /* AppDelegate.swift */; };
		185CD41C1E6A98C400241E76 /* Assets.xcassets in Resources */ = {isa = PBXBuildFile; fileRef = 185CD41B1E6A98C400241E76 /* Assets.xcassets */; };
		185CD41F1E6A98C400241E76 /* LaunchScreen.storyboard in Resources */ = {isa = PBXBuildFile; fileRef = 185CD41D1E6A98C400241E76 /* LaunchScreen.storyboard */; };
		18694CD51F1FA98F00FB2589 /* PageContentView.swift in Sources */ = {isa = PBXBuildFile; fileRef = 18694CD41F1FA98F00FB2589 /* PageContentView.swift */; };
		8112C28C1F1F34EA00915559 /* PageTitleView.swift in Sources */ = {isa = PBXBuildFile; fileRef = 8112C28B1F1F34EA00915559 /* PageTitleView.swift */; };
		8112C28E1F1F4DA300915559 /* UIColor-Extension.swift in Sources */ = {isa = PBXBuildFile; fileRef = 8112C28D1F1F4DA300915559 /* UIColor-Extension.swift */; };
		81C7E1981F1EE33400948E66 /* Home.storyboard in Resources */ = {isa = PBXBuildFile; fileRef = 81C7E1961F1EE33400948E66 /* Home.storyboard */; };
		81C7E19C1F1EE36400948E66 /* Main.storyboard in Resources */ = {isa = PBXBuildFile; fileRef = 81C7E19A1F1EE36400948E66 /* Main.storyboard */; };
		81C7E1A01F1EE38100948E66 /* Live.storyboard in Resources */ = {isa = PBXBuildFile; fileRef = 81C7E19E1F1EE38100948E66 /* Live.storyboard */; };
		81C7E1A41F1EE39900948E66 /* Follow.storyboard in Resources */ = {isa = PBXBuildFile; fileRef = 81C7E1A21F1EE39900948E66 /* Follow.storyboard */; };
		81C7E1A81F1EE3AD00948E66 /* Profile.storyboard in Resources */ = {isa = PBXBuildFile; fileRef = 81C7E1A61F1EE3AD00948E66 /* Profile.storyboard */; };
		81C7E1AB1F1EE60400948E66 /* MainViewController.swift in Sources */ = {isa = PBXBuildFile; fileRef = 81C7E1AA1F1EE60400948E66 /* MainViewController.swift */; };
		81C7E1AD1F1EF66E00948E66 /* HomeViewController.swift in Sources */ = {isa = PBXBuildFile; fileRef = 81C7E1AC1F1EF66E00948E66 /* HomeViewController.swift */; };
		81C7E1B01F1F056000948E66 /* UIBarButtonItem-Extention.swift in Sources */ = {isa = PBXBuildFile; fileRef = 81C7E1AF1F1F056000948E66 /* UIBarButtonItem-Extention.swift */; };
		81C7E1B21F1F172D00948E66 /* Common.swift in Sources */ = {isa = PBXBuildFile; fileRef = 81C7E1B11F1F172D00948E66 /* Common.swift */; };
/* End PBXBuildFile section */

/* Begin PBXFileReference section */
		185CD4111E6A98C400241E76 /* DouYuWL.app */ = {isa = PBXFileReference; explicitFileType = wrapper.application; includeInIndex = 0; path = DouYuWL.app; sourceTree = BUILT_PRODUCTS_DIR; };
		185CD4141E6A98C400241E76 /* AppDelegate.swift */ = {isa = PBXFileReference; lastKnownFileType = sourcecode.swift; path = AppDelegate.swift; sourceTree = "<group>"; };
		185CD41B1E6A98C400241E76 /* Assets.xcassets */ = {isa = PBXFileReference; lastKnownFileType = folder.assetcatalog; path = Assets.xcassets; sourceTree = "<group>"; };
		185CD41E1E6A98C400241E76 /* Base */ = {isa = PBXFileReference; lastKnownFileType = file.storyboard; name = Base; path = Base.lproj/LaunchScreen.storyboard; sourceTree = "<group>"; };
		185CD4201E6A98C400241E76 /* Info.plist */ = {isa = PBXFileReference; lastKnownFileType = text.plist.xml; path = Info.plist; sourceTree = "<group>"; };
		18694CD41F1FA98F00FB2589 /* PageContentView.swift */ = {isa = PBXFileReference; fileEncoding = 4; lastKnownFileType = sourcecode.swift; path = PageContentView.swift; sourceTree = "<group>"; };
		8112C28B1F1F34EA00915559 /* PageTitleView.swift */ = {isa = PBXFileReference; fileEncoding = 4; lastKnownFileType = sourcecode.swift; path = PageTitleView.swift; sourceTree = "<group>"; };
		8112C28D1F1F4DA300915559 /* UIColor-Extension.swift */ = {isa = PBXFileReference; fileEncoding = 4; lastKnownFileType = sourcecode.swift; path = "UIColor-Extension.swift"; sourceTree = "<group>"; };
		81C7E1961F1EE33400948E66 /* Home.storyboard */ = {isa = PBXFileReference; fileEncoding = 4; lastKnownFileType = file.storyboard; path = Home.storyboard; sourceTree = "<group>"; };
		81C7E19A1F1EE36400948E66 /* Main.storyboard */ = {isa = PBXFileReference; fileEncoding = 4; lastKnownFileType = file.storyboard; path = Main.storyboard; sourceTree = "<group>"; };
		81C7E19E1F1EE38100948E66 /* Live.storyboard */ = {isa = PBXFileReference; fileEncoding = 4; lastKnownFileType = file.storyboard; path = Live.storyboard; sourceTree = "<group>"; };
		81C7E1A21F1EE39900948E66 /* Follow.storyboard */ = {isa = PBXFileReference; fileEncoding = 4; lastKnownFileType = file.storyboard; path = Follow.storyboard; sourceTree = "<group>"; };
		81C7E1A61F1EE3AD00948E66 /* Profile.storyboard */ = {isa = PBXFileReference; fileEncoding = 4; lastKnownFileType = file.storyboard; path = Profile.storyboard; sourceTree = "<group>"; };
		81C7E1AA1F1EE60400948E66 /* MainViewController.swift */ = {isa = PBXFileReference; fileEncoding = 4; lastKnownFileType = sourcecode.swift; path = MainViewController.swift; sourceTree = "<group>"; };
		81C7E1AC1F1EF66E00948E66 /* HomeViewController.swift */ = {isa = PBXFileReference; fileEncoding = 4; lastKnownFileType = sourcecode.swift; path = HomeViewController.swift; sourceTree = "<group>"; };
		81C7E1AF1F1F056000948E66 /* UIBarButtonItem-Extention.swift */ = {isa = PBXFileReference; fileEncoding = 4; lastKnownFileType = sourcecode.swift; path = "UIBarButtonItem-Extention.swift"; sourceTree = "<group>"; };
		81C7E1B11F1F172D00948E66 /* Common.swift */ = {isa = PBXFileReference; fileEncoding = 4; lastKnownFileType = sourcecode.swift; path = Common.swift; sourceTree = "<group>"; };
/* End PBXFileReference section */

/* Begin PBXFrameworksBuildPhase section */
		185CD40E1E6A98C400241E76 /* Frameworks */ = {
			isa = PBXFrameworksBuildPhase;
			buildActionMask = 2147483647;
			files = (
			);
			runOnlyForDeploymentPostprocessing = 0;
		};
/* End PBXFrameworksBuildPhase section */

/* Begin PBXGroup section */
		185CD4081E6A98C400241E76 = {
			isa = PBXGroup;
			children = (
				185CD4131E6A98C400241E76 /* DouYuWL */,
				185CD4121E6A98C400241E76 /* Products */,
			);
			sourceTree = "<group>";
		};
		185CD4121E6A98C400241E76 /* Products */ = {
			isa = PBXGroup;
			children = (
				185CD4111E6A98C400241E76 /* DouYuWL.app */,
			);
			name = Products;
			sourceTree = "<group>";
		};
		185CD4131E6A98C400241E76 /* DouYuWL */ = {
			isa = PBXGroup;
			children = (
				81C7E1741F1EDF3B00948E66 /* Classes */,
				185CD4141E6A98C400241E76 /* AppDelegate.swift */,
				185CD41B1E6A98C400241E76 /* Assets.xcassets */,
				185CD41D1E6A98C400241E76 /* LaunchScreen.storyboard */,
				185CD4201E6A98C400241E76 /* Info.plist */,
			);
			path = DouYuWL;
			sourceTree = "<group>";
		};
		81C7E1741F1EDF3B00948E66 /* Classes */ = {
			isa = PBXGroup;
			children = (
				81C7E1781F1EDF3B00948E66 /* Main */,
				81C7E1761F1EDF3B00948E66 /* Home */,
				81C7E1771F1EDF3B00948E66 /* Live */,
				81C7E1751F1EDF3B00948E66 /* Follow */,
				81C7E1791F1EDF3B00948E66 /* Profile */,
				81C7E17A1F1EDF3B00948E66 /* Tools */,
			);
			path = Classes;
			sourceTree = "<group>";
		};
		81C7E1751F1EDF3B00948E66 /* Follow */ = {
			isa = PBXGroup;
			children = (
				81C7E1931F1EE2BC00948E66 /* Controller */,
				81C7E1941F1EE2BC00948E66 /* Model */,
				81C7E1951F1EE2BC00948E66 /* View */,
			);
			path = Follow;
			sourceTree = "<group>";
		};
		81C7E1761F1EDF3B00948E66 /* Home */ = {
			isa = PBXGroup;
			children = (
				81C7E1901F1EE2B400948E66 /* Controller */,
				81C7E1911F1EE2B400948E66 /* Model */,
				81C7E1921F1EE2B400948E66 /* View */,
			);
			path = Home;
			sourceTree = "<group>";
		};
		81C7E1771F1EDF3B00948E66 /* Live */ = {
			isa = PBXGroup;
			children = (
				81C7E18D1F1EE2A700948E66 /* Controller */,
				81C7E18E1F1EE2A700948E66 /* Model */,
				81C7E18F1F1EE2A700948E66 /* View */,
			);
			path = Live;
			sourceTree = "<group>";
		};
		81C7E1781F1EDF3B00948E66 /* Main */ = {
			isa = PBXGroup;
			children = (
				81C7E18A1F1EE29F00948E66 /* Controller */,
				81C7E18B1F1EE29F00948E66 /* Model */,
				81C7E18C1F1EE29F00948E66 /* View */,
			);
			path = Main;
			sourceTree = "<group>";
		};
		81C7E1791F1EDF3B00948E66 /* Profile */ = {
			isa = PBXGroup;
			children = (
				81C7E1871F1EE29400948E66 /* Controller */,
				81C7E1881F1EE29400948E66 /* Model */,
				81C7E1891F1EE29400948E66 /* View */,
			);
			path = Profile;
			sourceTree = "<group>";
		};
		81C7E17A1F1EDF3B00948E66 /* Tools */ = {
			isa = PBXGroup;
			children = (
				81C7E1AE1F1F052500948E66 /* Extension */,
			);
			path = Tools;
			sourceTree = "<group>";
		};
		81C7E1871F1EE29400948E66 /* Controller */ = {
			isa = PBXGroup;
			children = (
				81C7E1A61F1EE3AD00948E66 /* Profile.storyboard */,
			);
			path = Controller;
			sourceTree = "<group>";
		};
		81C7E1881F1EE29400948E66 /* Model */ = {
			isa = PBXGroup;
			children = (
			);
			path = Model;
			sourceTree = "<group>";
		};
		81C7E1891F1EE29400948E66 /* View */ = {
			isa = PBXGroup;
			children = (
			);
			path = View;
			sourceTree = "<group>";
		};
		81C7E18A1F1EE29F00948E66 /* Controller */ = {
			isa = PBXGroup;
			children = (
				81C7E19A1F1EE36400948E66 /* Main.storyboard */,
				81C7E1AA1F1EE60400948E66 /* MainViewController.swift */,
			);
			path = Controller;
			sourceTree = "<group>";
		};
		81C7E18B1F1EE29F00948E66 /* Model */ = {
			isa = PBXGroup;
			children = (
			);
			path = Model;
			sourceTree = "<group>";
		};
		81C7E18C1F1EE29F00948E66 /* View */ = {
			isa = PBXGroup;
			children = (
				8112C28B1F1F34EA00915559 /* PageTitleView.swift */,
				18694CD41F1FA98F00FB2589 /* PageContentView.swift */,
			);
			path = View;
			sourceTree = "<group>";
		};
		81C7E18D1F1EE2A700948E66 /* Controller */ = {
			isa = PBXGroup;
			children = (
				81C7E19E1F1EE38100948E66 /* Live.storyboard */,
			);
			path = Controller;
			sourceTree = "<group>";
		};
		81C7E18E1F1EE2A700948E66 /* Model */ = {
			isa = PBXGroup;
			children = (
			);
			path = Model;
			sourceTree = "<group>";
		};
		81C7E18F1F1EE2A700948E66 /* View */ = {
			isa = PBXGroup;
			children = (
			);
			path = View;
			sourceTree = "<group>";
		};
		81C7E1901F1EE2B400948E66 /* Controller */ = {
			isa = PBXGroup;
			children = (
				81C7E1961F1EE33400948E66 /* Home.storyboard */,
				81C7E1AC1F1EF66E00948E66 /* HomeViewController.swift */,
			);
			path = Controller;
			sourceTree = "<group>";
		};
		81C7E1911F1EE2B400948E66 /* Model */ = {
			isa = PBXGroup;
			children = (
			);
			path = Model;
			sourceTree = "<group>";
		};
		81C7E1921F1EE2B400948E66 /* View */ = {
			isa = PBXGroup;
			children = (
			);
			path = View;
			sourceTree = "<group>";
		};
		81C7E1931F1EE2BC00948E66 /* Controller */ = {
			isa = PBXGroup;
			children = (
				81C7E1A21F1EE39900948E66 /* Follow.storyboard */,
			);
			path = Controller;
			sourceTree = "<group>";
		};
		81C7E1941F1EE2BC00948E66 /* Model */ = {
			isa = PBXGroup;
			children = (
			);
			path = Model;
			sourceTree = "<group>";
		};
		81C7E1951F1EE2BC00948E66 /* View */ = {
			isa = PBXGroup;
			children = (
			);
			path = View;
			sourceTree = "<group>";
		};
		81C7E1AE1F1F052500948E66 /* Extension */ = {
			isa = PBXGroup;
			children = (
				81C7E1AF1F1F056000948E66 /* UIBarButtonItem-Extention.swift */,
				8112C28D1F1F4DA300915559 /* UIColor-Extension.swift */,
				81C7E1B11F1F172D00948E66 /* Common.swift */,
			);
			path = Extension;
			sourceTree = "<group>";
		};
/* End PBXGroup section */

/* Begin PBXNativeTarget section */
		185CD4101E6A98C400241E76 /* DouYuWL */ = {
			isa = PBXNativeTarget;
			buildConfigurationList = 185CD4231E6A98C400241E76 /* Build configuration list for PBXNativeTarget "DouYuWL" */;
			buildPhases = (
				185CD40D1E6A98C400241E76 /* Sources */,
				185CD40E1E6A98C400241E76 /* Frameworks */,
				185CD40F1E6A98C400241E76 /* Resources */,
			);
			buildRules = (
			);
			dependencies = (
			);
			name = DouYuWL;
			productName = DouYuWL;
			productReference = 185CD4111E6A98C400241E76 /* DouYuWL.app */;
			productType = "com.apple.product-type.application";
		};
/* End PBXNativeTarget section */

/* Begin PBXProject section */
		185CD4091E6A98C400241E76 /* Project object */ = {
			isa = PBXProject;
			attributes = {
				LastSwiftUpdateCheck = 0800;
				LastUpgradeCheck = 0800;
				ORGANIZATIONNAME = apple;
				TargetAttributes = {
					185CD4101E6A98C400241E76 = {
						CreatedOnToolsVersion = 8.0;
						DevelopmentTeam = 34CC3Y6G4G;
						ProvisioningStyle = Automatic;
					};
				};
			};
			buildConfigurationList = 185CD40C1E6A98C400241E76 /* Build configuration list for PBXProject "DouYuWL" */;
			compatibilityVersion = "Xcode 3.2";
			developmentRegion = English;
			hasScannedForEncodings = 0;
			knownRegions = (
				en,
				Base,
			);
			mainGroup = 185CD4081E6A98C400241E76;
			productRefGroup = 185CD4121E6A98C400241E76 /* Products */;
			projectDirPath = "";
			projectRoot = "";
			targets = (
				185CD4101E6A98C400241E76 /* DouYuWL */,
			);
		};
/* End PBXProject section */

/* Begin PBXResourcesBuildPhase section */
		185CD40F1E6A98C400241E76 /* Resources */ = {
			isa = PBXResourcesBuildPhase;
			buildActionMask = 2147483647;
			files = (
				185CD41F1E6A98C400241E76 /* LaunchScreen.storyboard in Resources */,
				185CD41C1E6A98C400241E76 /* Assets.xcassets in Resources */,
				81C7E19C1F1EE36400948E66 /* Main.storyboard in Resources */,
				81C7E1A41F1EE39900948E66 /* Follow.storyboard in Resources */,
				81C7E1981F1EE33400948E66 /* Home.storyboard in Resources */,
				81C7E1A81F1EE3AD00948E66 /* Profile.storyboard in Resources */,
				81C7E1A01F1EE38100948E66 /* Live.storyboard in Resources */,
			);
			runOnlyForDeploymentPostprocessing = 0;
		};
/* End PBXResourcesBuildPhase section */

/* Begin PBXSourcesBuildPhase section */
		185CD40D1E6A98C400241E76 /* Sources */ = {
			isa = PBXSourcesBuildPhase;
			buildActionMask = 2147483647;
			files = (
				8112C28C1F1F34EA00915559 /* PageTitleView.swift in Sources */,
				185CD4151E6A98C400241E76 /* AppDelegate.swift in Sources */,
				81C7E1AB1F1EE60400948E66 /* MainViewController.swift in Sources */,
				18694CD51F1FA98F00FB2589 /* PageContentView.swift in Sources */,
				81C7E1AD1F1EF66E00948E66 /* HomeViewController.swift in Sources */,
				81C7E1B21F1F172D00948E66 /* Common.swift in Sources */,
				8112C28E1F1F4DA300915559 /* UIColor-Extension.swift in Sources */,
				81C7E1B01F1F056000948E66 /* UIBarButtonItem-Extention.swift in Sources */,
			);
			runOnlyForDeploymentPostprocessing = 0;
		};
/* End PBXSourcesBuildPhase section */

/* Begin PBXVariantGroup section */
		185CD41D1E6A98C400241E76 /* LaunchScreen.storyboard */ = {
			isa = PBXVariantGroup;
			children = (
				185CD41E1E6A98C400241E76 /* Base */,
			);
			name = LaunchScreen.storyboard;
			sourceTree = "<group>";
		};
/* End PBXVariantGroup section */

/* Begin XCBuildConfiguration section */
		185CD4211E6A98C400241E76 /* Debug */ = {
			isa = XCBuildConfiguration;
			buildSettings = {
				ALWAYS_SEARCH_USER_PATHS = NO;
				CLANG_ANALYZER_NONNULL = YES;
				CLANG_CXX_LANGUAGE_STANDARD = "gnu++0x";
				CLANG_CXX_LIBRARY = "libc++";
				CLANG_ENABLE_MODULES = YES;
				CLANG_ENABLE_OBJC_ARC = YES;
				CLANG_WARN_BOOL_CONVERSION = YES;
				CLANG_WARN_CONSTANT_CONVERSION = YES;
				CLANG_WARN_DIRECT_OBJC_ISA_USAGE = YES_ERROR;
				CLANG_WARN_DOCUMENTATION_COMMENTS = YES;
				CLANG_WARN_EMPTY_BODY = YES;
				CLANG_WARN_ENUM_CONVERSION = YES;
				CLANG_WARN_INFINITE_RECURSION = YES;
				CLANG_WARN_INT_CONVERSION = YES;
				CLANG_WARN_OBJC_ROOT_CLASS = YES_ERROR;
				CLANG_WARN_SUSPICIOUS_MOVES = YES;
				CLANG_WARN_UNREACHABLE_CODE = YES;
				CLANG_WARN__DUPLICATE_METHOD_MATCH = YES;
				"CODE_SIGN_IDENTITY[sdk=iphoneos*]" = "iPhone Developer";
				COPY_PHASE_STRIP = NO;
				DEBUG_INFORMATION_FORMAT = dwarf;
				ENABLE_STRICT_OBJC_MSGSEND = YES;
				ENABLE_TESTABILITY = YES;
				GCC_C_LANGUAGE_STANDARD = gnu99;
				GCC_DYNAMIC_NO_PIC = NO;
				GCC_NO_COMMON_BLOCKS = YES;
				GCC_OPTIMIZATION_LEVEL = 0;
				GCC_PREPROCESSOR_DEFINITIONS = (
					"DEBUG=1",
					"$(inherited)",
				);
				GCC_WARN_64_TO_32_BIT_CONVERSION = YES;
				GCC_WARN_ABOUT_RETURN_TYPE = YES_ERROR;
				GCC_WARN_UNDECLARED_SELECTOR = YES;
				GCC_WARN_UNINITIALIZED_AUTOS = YES_AGGRESSIVE;
				GCC_WARN_UNUSED_FUNCTION = YES;
				GCC_WARN_UNUSED_VARIABLE = YES;
				IPHONEOS_DEPLOYMENT_TARGET = 10.0;
				MTL_ENABLE_DEBUG_INFO = YES;
				ONLY_ACTIVE_ARCH = YES;
				SDKROOT = iphoneos;
				SWIFT_ACTIVE_COMPILATION_CONDITIONS = DEBUG;
				SWIFT_OPTIMIZATION_LEVEL = "-Onone";
			};
			name = Debug;
		};
		185CD4221E6A98C400241E76 /* Release */ = {
			isa = XCBuildConfiguration;
			buildSettings = {
				ALWAYS_SEARCH_USER_PATHS = NO;
				CLANG_ANALYZER_NONNULL = YES;
				CLANG_CXX_LANGUAGE_STANDARD = "gnu++0x";
				CLANG_CXX_LIBRARY = "libc++";
				CLANG_ENABLE_MODULES = YES;
				CLANG_ENABLE_OBJC_ARC = YES;
				CLANG_WARN_BOOL_CONVERSION = YES;
				CLANG_WARN_CONSTANT_CONVERSION = YES;
				CLANG_WARN_DIRECT_OBJC_ISA_USAGE = YES_ERROR;
				CLANG_WARN_DOCUMENTATION_COMMENTS = YES;
				CLANG_WARN_EMPTY_BODY = YES;
				CLANG_WARN_ENUM_CONVERSION = YES;
				CLANG_WARN_INFINITE_RECURSION = YES;
				CLANG_WARN_INT_CONVERSION = YES;
				CLANG_WARN_OBJC_ROOT_CLASS = YES_ERROR;
				CLANG_WARN_SUSPICIOUS_MOVES = YES;
				CLANG_WARN_UNREACHABLE_CODE = YES;
				CLANG_WARN__DUPLICATE_METHOD_MATCH = YES;
				"CODE_SIGN_IDENTITY[sdk=iphoneos*]" = "iPhone Developer";
				COPY_PHASE_STRIP = NO;
				DEBUG_INFORMATION_FORMAT = "dwarf-with-dsym";
				ENABLE_NS_ASSERTIONS = NO;
				ENABLE_STRICT_OBJC_MSGSEND = YES;
				GCC_C_LANGUAGE_STANDARD = gnu99;
				GCC_NO_COMMON_BLOCKS = YES;
				GCC_WARN_64_TO_32_BIT_CONVERSION = YES;
				GCC_WARN_ABOUT_RETURN_TYPE = YES_ERROR;
				GCC_WARN_UNDECLARED_SELECTOR = YES;
				GCC_WARN_UNINITIALIZED_AUTOS = YES_AGGRESSIVE;
				GCC_WARN_UNUSED_FUNCTION = YES;
				GCC_WARN_UNUSED_VARIABLE = YES;
				IPHONEOS_DEPLOYMENT_TARGET = 10.0;
				MTL_ENABLE_DEBUG_INFO = NO;
				SDKROOT = iphoneos;
				SWIFT_OPTIMIZATION_LEVEL = "-Owholemodule";
				VALIDATE_PRODUCT = YES;
			};
			name = Release;
		};
		185CD4241E6A98C400241E76 /* Debug */ = {
			isa = XCBuildConfiguration;
			buildSettings = {
				ASSETCATALOG_COMPILER_APPICON_NAME = AppIcon;
				ASSETCATALOG_COMPILER_LAUNCHIMAGE_NAME = LaunchImage;
				DEVELOPMENT_TEAM = 34CC3Y6G4G;
				INFOPLIST_FILE = DouYuWL/Info.plist;
				IPHONEOS_DEPLOYMENT_TARGET = 8.0;
				LD_RUNPATH_SEARCH_PATHS = "$(inherited) @executable_path/Frameworks";
				PRODUCT_BUNDLE_IDENTIFIER = com.WenLongJiang.DouYuWL;
				PRODUCT_NAME = "$(TARGET_NAME)";
				SWIFT_VERSION = 3.0;
			};
			name = Debug;
		};
		185CD4251E6A98C400241E76 /* Release */ = {
			isa = XCBuildConfiguration;
			buildSettings = {
				ASSETCATALOG_COMPILER_APPICON_NAME = AppIcon;
				ASSETCATALOG_COMPILER_LAUNCHIMAGE_NAME = LaunchImage;
				DEVELOPMENT_TEAM = 34CC3Y6G4G;
				INFOPLIST_FILE = DouYuWL/Info.plist;
				IPHONEOS_DEPLOYMENT_TARGET = 8.0;
				LD_RUNPATH_SEARCH_PATHS = "$(inherited) @executable_path/Frameworks";
				PRODUCT_BUNDLE_IDENTIFIER = com.WenLongJiang.DouYuWL;
				PRODUCT_NAME = "$(TARGET_NAME)";
				SWIFT_VERSION = 3.0;
			};
			name = Release;
		};
/* End XCBuildConfiguration section */

/* Begin XCConfigurationList section */
		185CD40C1E6A98C400241E76 /* Build configuration list for PBXProject "DouYuWL" */ = {
			isa = XCConfigurationList;
			buildConfigurations = (
				185CD4211E6A98C400241E76 /* Debug */,
				185CD4221E6A98C400241E76 /* Release */,
			);
			defaultConfigurationIsVisible = 0;
			defaultConfigurationName = Release;
		};
		185CD4231E6A98C400241E76 /* Build configuration list for PBXNativeTarget "DouYuWL" */ = {
			isa = XCConfigurationList;
			buildConfigurations = (
				185CD4241E6A98C400241E76 /* Debug */,
				185CD4251E6A98C400241E76 /* Release */,
			);
			defaultConfigurationIsVisible = 0;
			defaultConfigurationName = Release;
		};
/* End XCConfigurationList section */
	};
	rootObject = 185CD4091E6A98C400241E76 /* Project object */;
}
