// !$*UTF8*$!
{
	archiveVersion = 1;
	classes = {
	};
	objectVersion = 46;
	objects = {

/* Begin PBXBuildFile section */
		185CD4151E6A98C400241E76 /* AppDelegate.swift in Sources */ = {isa = PBXBuildFile; fileRef = 185CD4141E6A98C400241E76 /* AppDelegate.swift */; };
		185CD41C1E6A98C400241E76 /* Assets.xcassets in Resources */ = {isa = PBXBuildFile; fileRef = 185CD41B1E6A98C400241E76 /* Assets.xcassets */; };
		185CD41F1E6A98C400241E76 /* LaunchScreen.storyboard in Resources */ = {isa = PBXBuildFile; fileRef = 185CD41D1E6A98C400241E76 /* LaunchScreen.storyboard */; };
		18694CD51F1FA98F00FB2589 /* PageContentView.swift in Sources */ = {isa = PBXBuildFile; fileRef = 18694CD41F1FA98F00FB2589 /* PageContentView.swift */; };
		79B6C5A9383CBF25E18938CB /* Pods_DouYuWL.framework in Frameworks */ = {isa = PBXBuildFile; fileRef = A1461DDE91160955A3686D68 /* Pods_DouYuWL.framework */; };
		8112C28C1F1F34EA00915559 /* PageTitleView.swift in Sources */ = {isa = PBXBuildFile; fileRef = 8112C28B1F1F34EA00915559 /* PageTitleView.swift */; };
		8112C28E1F1F4DA300915559 /* UIColor-Extension.swift in Sources */ = {isa = PBXBuildFile; fileRef = 8112C28D1F1F4DA300915559 /* UIColor-Extension.swift */; };
		8169109B1F29D0520090AA79 /* GameModel.swift in Sources */ = {isa = PBXBuildFile; fileRef = 8169109A1F29D0520090AA79 /* GameModel.swift */; };
		8169109F1F29D0A20090AA79 /* GameViewModel.swift in Sources */ = {isa = PBXBuildFile; fileRef = 8169109E1F29D0A20090AA79 /* GameViewModel.swift */; };
		816910A11F29D6B60090AA79 /* GameViewController.swift in Sources */ = {isa = PBXBuildFile; fileRef = 816910A01F29D6B60090AA79 /* GameViewController.swift */; };
		816910A31F29D8D80090AA79 /* RecommendGameView.swift in Sources */ = {isa = PBXBuildFile; fileRef = 816910A21F29D8D80090AA79 /* RecommendGameView.swift */; };
		816910A51F29D8EB0090AA79 /* RecommendGameView.xib in Resources */ = {isa = PBXBuildFile; fileRef = 816910A41F29D8EB0090AA79 /* RecommendGameView.xib */; };
		816910A81F29D96C0090AA79 /* CollectionGameCell.swift in Sources */ = {isa = PBXBuildFile; fileRef = 816910A61F29D96C0090AA79 /* CollectionGameCell.swift */; };
		816910A91F29D96C0090AA79 /* CollectionGameCell.xib in Resources */ = {isa = PBXBuildFile; fileRef = 816910A71F29D96C0090AA79 /* CollectionGameCell.xib */; };
		816910AF1F29F7700090AA79 /* RoomNormalViewController.swift in Sources */ = {isa = PBXBuildFile; fileRef = 816910AE1F29F7700090AA79 /* RoomNormalViewController.swift */; };
		816910B11F29F7940090AA79 /* RoomShowViewController.swift in Sources */ = {isa = PBXBuildFile; fileRef = 816910B01F29F7940090AA79 /* RoomShowViewController.swift */; };
		8175B56E1F26F5DF008D55EF /* BaseViewController.swift in Sources */ = {isa = PBXBuildFile; fileRef = 8175B56D1F26F5DF008D55EF /* BaseViewController.swift */; };
		8175B5721F26F964008D55EF /* BaseAnchorViewController.swift in Sources */ = {isa = PBXBuildFile; fileRef = 8175B5711F26F964008D55EF /* BaseAnchorViewController.swift */; };
		8175B5741F272218008D55EF /* RecommendViewModel.swift in Sources */ = {isa = PBXBuildFile; fileRef = 8175B5731F272218008D55EF /* RecommendViewModel.swift */; };
		8175B5761F272410008D55EF /* NSDate-Extension.swift in Sources */ = {isa = PBXBuildFile; fileRef = 8175B5751F272410008D55EF /* NSDate-Extension.swift */; };
		8175B5781F272ACF008D55EF /* CycleModel.swift in Sources */ = {isa = PBXBuildFile; fileRef = 8175B5771F272ACF008D55EF /* CycleModel.swift */; };
		8175B57A1F272E83008D55EF /* RecommendCycleView.swift in Sources */ = {isa = PBXBuildFile; fileRef = 8175B5791F272E83008D55EF /* RecommendCycleView.swift */; };
		8175B57C1F272E91008D55EF /* RecommendCycleView.xib in Resources */ = {isa = PBXBuildFile; fileRef = 8175B57B1F272E91008D55EF /* RecommendCycleView.xib */; };
		8175B5831F2733B8008D55EF /* CollectionCycleCell.swift in Sources */ = {isa = PBXBuildFile; fileRef = 8175B5811F2733B8008D55EF /* CollectionCycleCell.swift */; };
		8175B5841F2733B8008D55EF /* CollectionCycleCell.xib in Resources */ = {isa = PBXBuildFile; fileRef = 8175B5821F2733B8008D55EF /* CollectionCycleCell.xib */; };
		817E03F11F25EC3700F83F96 /* NetWorkTool.swift in Sources */ = {isa = PBXBuildFile; fileRef = 817E03F01F25EC3700F83F96 /* NetWorkTool.swift */; };
		817E03F71F25F2B100F83F96 /* CollectionBaseCell.swift in Sources */ = {isa = PBXBuildFile; fileRef = 817E03F61F25F2B100F83F96 /* CollectionBaseCell.swift */; };
		817E03F91F25F57B00F83F96 /* AnchorGroupModel.swift in Sources */ = {isa = PBXBuildFile; fileRef = 817E03F81F25F57B00F83F96 /* AnchorGroupModel.swift */; };
		817E03FB1F25F5A600F83F96 /* BaseGameModel.swift in Sources */ = {isa = PBXBuildFile; fileRef = 817E03FA1F25F5A600F83F96 /* BaseGameModel.swift */; };
		817E03FD1F25FCC700F83F96 /* AnchorModel.swift in Sources */ = {isa = PBXBuildFile; fileRef = 817E03FC1F25FCC700F83F96 /* AnchorModel.swift */; };
		817E04011F25FFDC00F83F96 /* BaseViewModel.swift in Sources */ = {isa = PBXBuildFile; fileRef = 817E04001F25FFDC00F83F96 /* BaseViewModel.swift */; };
		81C2C7111F220BF30005E55F /* CollectionNormalCell.swift in Sources */ = {isa = PBXBuildFile; fileRef = 81C2C70D1F220BF30005E55F /* CollectionNormalCell.swift */; };
		81C2C7121F220BF30005E55F /* CollectionNormalCell.xib in Resources */ = {isa = PBXBuildFile; fileRef = 81C2C70E1F220BF30005E55F /* CollectionNormalCell.xib */; };
		81C2C7131F220BF30005E55F /* CollectionPrettyCell.swift in Sources */ = {isa = PBXBuildFile; fileRef = 81C2C70F1F220BF30005E55F /* CollectionPrettyCell.swift */; };
		81C2C7141F220BF30005E55F /* CollectionPrettyCell.xib in Resources */ = {isa = PBXBuildFile; fileRef = 81C2C7101F220BF30005E55F /* CollectionPrettyCell.xib */; };
		81C2C7161F220C020005E55F /* RecommendViewController.swift in Sources */ = {isa = PBXBuildFile; fileRef = 81C2C7151F220C020005E55F /* RecommendViewController.swift */; };
		81C2C71D1F220CBC0005E55F /* CollectionHeaderView.swift in Sources */ = {isa = PBXBuildFile; fileRef = 81C2C71B1F220CBC0005E55F /* CollectionHeaderView.swift */; };
		81C2C71E1F220CBC0005E55F /* CollectionHeaderView.xib in Resources */ = {isa = PBXBuildFile; fileRef = 81C2C71C1F220CBC0005E55F /* CollectionHeaderView.xib */; };
		81C7E1981F1EE33400948E66 /* Home.storyboard in Resources */ = {isa = PBXBuildFile; fileRef = 81C7E1961F1EE33400948E66 /* Home.storyboard */; };
		81C7E19C1F1EE36400948E66 /* Main.storyboard in Resources */ = {isa = PBXBuildFile; fileRef = 81C7E19A1F1EE36400948E66 /* Main.storyboard */; };
		81C7E1A01F1EE38100948E66 /* Live.storyboard in Resources */ = {isa = PBXBuildFile; fileRef = 81C7E19E1F1EE38100948E66 /* Live.storyboard */; };
		81C7E1A41F1EE39900948E66 /* Follow.storyboard in Resources */ = {isa = PBXBuildFile; fileRef = 81C7E1A21F1EE39900948E66 /* Follow.storyboard */; };
		81C7E1A81F1EE3AD00948E66 /* Profile.storyboard in Resources */ = {isa = PBXBuildFile; fileRef = 81C7E1A61F1EE3AD00948E66 /* Profile.storyboard */; };
		81C7E1AB1F1EE60400948E66 /* MainViewController.swift in Sources */ = {isa = PBXBuildFile; fileRef = 81C7E1AA1F1EE60400948E66 /* MainViewController.swift */; };
		81C7E1AD1F1EF66E00948E66 /* HomeViewController.swift in Sources */ = {isa = PBXBuildFile; fileRef = 81C7E1AC1F1EF66E00948E66 /* HomeViewController.swift */; };
		81C7E1B01F1F056000948E66 /* UIBarButtonItem-Extention.swift in Sources */ = {isa = PBXBuildFile; fileRef = 81C7E1AF1F1F056000948E66 /* UIBarButtonItem-Extention.swift */; };
		81C7E1B21F1F172D00948E66 /* Common.swift in Sources */ = {isa = PBXBuildFile; fileRef = 81C7E1B11F1F172D00948E66 /* Common.swift */; };
/* End PBXBuildFile section */

/* Begin PBXFileReference section */
		185CD4111E6A98C400241E76 /* DouYuWL.app */ = {isa = PBXFileReference; explicitFileType = wrapper.application; includeInIndex = 0; path = DouYuWL.app; sourceTree = BUILT_PRODUCTS_DIR; };
		185CD4141E6A98C400241E76 /* AppDelegate.swift */ = {isa = PBXFileReference; lastKnownFileType = sourcecode.swift; path = AppDelegate.swift; sourceTree = "<group>"; };
		185CD41B1E6A98C400241E76 /* Assets.xcassets */ = {isa = PBXFileReference; lastKnownFileType = folder.assetcatalog; path = Assets.xcassets; sourceTree = "<group>"; };
		185CD41E1E6A98C400241E76 /* Base */ = {isa = PBXFileReference; lastKnownFileType = file.storyboard; name = Base; path = Base.lproj/LaunchScreen.storyboard; sourceTree = "<group>"; };
		185CD4201E6A98C400241E76 /* Info.plist */ = {isa = PBXFileReference; lastKnownFileType = text.plist.xml; path = Info.plist; sourceTree = "<group>"; };
		18694CD41F1FA98F00FB2589 /* PageContentView.swift */ = {isa = PBXFileReference; fileEncoding = 4; lastKnownFileType = sourcecode.swift; path = PageContentView.swift; sourceTree = "<group>"; };
		7B502B54E9C8B68E36DA994A /* Pods-DouYuWL.debug.xcconfig */ = {isa = PBXFileReference; includeInIndex = 1; lastKnownFileType = text.xcconfig; name = "Pods-DouYuWL.debug.xcconfig"; path = "Pods/Target Support Files/Pods-DouYuWL/Pods-DouYuWL.debug.xcconfig"; sourceTree = "<group>"; };
		8112C28B1F1F34EA00915559 /* PageTitleView.swift */ = {isa = PBXFileReference; fileEncoding = 4; lastKnownFileType = sourcecode.swift; path = PageTitleView.swift; sourceTree = "<group>"; };
		8112C28D1F1F4DA300915559 /* UIColor-Extension.swift */ = {isa = PBXFileReference; fileEncoding = 4; lastKnownFileType = sourcecode.swift; path = "UIColor-Extension.swift"; sourceTree = "<group>"; };
		8169109A1F29D0520090AA79 /* GameModel.swift */ = {isa = PBXFileReference; fileEncoding = 4; lastKnownFileType = sourcecode.swift; path = GameModel.swift; sourceTree = "<group>"; };
		8169109E1F29D0A20090AA79 /* GameViewModel.swift */ = {isa = PBXFileReference; fileEncoding = 4; lastKnownFileType = sourcecode.swift; path = GameViewModel.swift; sourceTree = "<group>"; };
		816910A01F29D6B60090AA79 /* GameViewController.swift */ = {isa = PBXFileReference; fileEncoding = 4; lastKnownFileType = sourcecode.swift; path = GameViewController.swift; sourceTree = "<group>"; };
		816910A21F29D8D80090AA79 /* RecommendGameView.swift */ = {isa = PBXFileReference; fileEncoding = 4; lastKnownFileType = sourcecode.swift; path = RecommendGameView.swift; sourceTree = "<group>"; };
		816910A41F29D8EB0090AA79 /* RecommendGameView.xib */ = {isa = PBXFileReference; fileEncoding = 4; lastKnownFileType = file.xib; path = RecommendGameView.xib; sourceTree = "<group>"; };
		816910A61F29D96C0090AA79 /* CollectionGameCell.swift */ = {isa = PBXFileReference; fileEncoding = 4; lastKnownFileType = sourcecode.swift; path = CollectionGameCell.swift; sourceTree = "<group>"; };
		816910A71F29D96C0090AA79 /* CollectionGameCell.xib */ = {isa = PBXFileReference; fileEncoding = 4; lastKnownFileType = file.xib; path = CollectionGameCell.xib; sourceTree = "<group>"; };
		816910AE1F29F7700090AA79 /* RoomNormalViewController.swift */ = {isa = PBXFileReference; fileEncoding = 4; lastKnownFileType = sourcecode.swift; name = RoomNormalViewController.swift; path = ../../Main/RoomNormalViewController.swift; sourceTree = "<group>"; };
		816910B01F29F7940090AA79 /* RoomShowViewController.swift */ = {isa = PBXFileReference; fileEncoding = 4; lastKnownFileType = sourcecode.swift; path = RoomShowViewController.swift; sourceTree = "<group>"; };
		8175B56D1F26F5DF008D55EF /* BaseViewController.swift */ = {isa = PBXFileReference; fileEncoding = 4; lastKnownFileType = sourcecode.swift; path = BaseViewController.swift; sourceTree = "<group>"; };
		8175B5711F26F964008D55EF /* BaseAnchorViewController.swift */ = {isa = PBXFileReference; fileEncoding = 4; lastKnownFileType = sourcecode.swift; path = BaseAnchorViewController.swift; sourceTree = "<group>"; };
		8175B5731F272218008D55EF /* RecommendViewModel.swift */ = {isa = PBXFileReference; fileEncoding = 4; lastKnownFileType = sourcecode.swift; path = RecommendViewModel.swift; sourceTree = "<group>"; };
		8175B5751F272410008D55EF /* NSDate-Extension.swift */ = {isa = PBXFileReference; fileEncoding = 4; lastKnownFileType = sourcecode.swift; path = "NSDate-Extension.swift"; sourceTree = "<group>"; };
		8175B5771F272ACF008D55EF /* CycleModel.swift */ = {isa = PBXFileReference; fileEncoding = 4; lastKnownFileType = sourcecode.swift; path = CycleModel.swift; sourceTree = "<group>"; };
		8175B5791F272E83008D55EF /* RecommendCycleView.swift */ = {isa = PBXFileReference; fileEncoding = 4; lastKnownFileType = sourcecode.swift; path = RecommendCycleView.swift; sourceTree = "<group>"; };
		8175B57B1F272E91008D55EF /* RecommendCycleView.xib */ = {isa = PBXFileReference; fileEncoding = 4; lastKnownFileType = file.xib; path = RecommendCycleView.xib; sourceTree = "<group>"; };
		8175B5811F2733B8008D55EF /* CollectionCycleCell.swift */ = {isa = PBXFileReference; fileEncoding = 4; lastKnownFileType = sourcecode.swift; path = CollectionCycleCell.swift; sourceTree = "<group>"; };
		8175B5821F2733B8008D55EF /* CollectionCycleCell.xib */ = {isa = PBXFileReference; fileEncoding = 4; lastKnownFileType = file.xib; path = CollectionCycleCell.xib; sourceTree = "<group>"; };
		817E03F01F25EC3700F83F96 /* NetWorkTool.swift */ = {isa = PBXFileReference; fileEncoding = 4; lastKnownFileType = sourcecode.swift; path = NetWorkTool.swift; sourceTree = "<group>"; };
		817E03F61F25F2B100F83F96 /* CollectionBaseCell.swift */ = {isa = PBXFileReference; fileEncoding = 4; lastKnownFileType = sourcecode.swift; path = CollectionBaseCell.swift; sourceTree = "<group>"; };
		817E03F81F25F57B00F83F96 /* AnchorGroupModel.swift */ = {isa = PBXFileReference; fileEncoding = 4; lastKnownFileType = sourcecode.swift; path = AnchorGroupModel.swift; sourceTree = "<group>"; };
		817E03FA1F25F5A600F83F96 /* BaseGameModel.swift */ = {isa = PBXFileReference; fileEncoding = 4; lastKnownFileType = sourcecode.swift; path = BaseGameModel.swift; sourceTree = "<group>"; };
		817E03FC1F25FCC700F83F96 /* AnchorModel.swift */ = {isa = PBXFileReference; fileEncoding = 4; lastKnownFileType = sourcecode.swift; path = AnchorModel.swift; sourceTree = "<group>"; };
		817E04001F25FFDC00F83F96 /* BaseViewModel.swift */ = {isa = PBXFileReference; fileEncoding = 4; lastKnownFileType = sourcecode.swift; path = BaseViewModel.swift; sourceTree = "<group>"; };
		81C2C70D1F220BF30005E55F /* CollectionNormalCell.swift */ = {isa = PBXFileReference; fileEncoding = 4; lastKnownFileType = sourcecode.swift; path = CollectionNormalCell.swift; sourceTree = "<group>"; };
		81C2C70E1F220BF30005E55F /* CollectionNormalCell.xib */ = {isa = PBXFileReference; fileEncoding = 4; lastKnownFileType = file.xib; path = CollectionNormalCell.xib; sourceTree = "<group>"; };
		81C2C70F1F220BF30005E55F /* CollectionPrettyCell.swift */ = {isa = PBXFileReference; fileEncoding = 4; lastKnownFileType = sourcecode.swift; path = CollectionPrettyCell.swift; sourceTree = "<group>"; };
		81C2C7101F220BF30005E55F /* CollectionPrettyCell.xib */ = {isa = PBXFileReference; fileEncoding = 4; lastKnownFileType = file.xib; path = CollectionPrettyCell.xib; sourceTree = "<group>"; };
		81C2C7151F220C020005E55F /* RecommendViewController.swift */ = {isa = PBXFileReference; fileEncoding = 4; lastKnownFileType = sourcecode.swift; path = RecommendViewController.swift; sourceTree = "<group>"; };
		81C2C71B1F220CBC0005E55F /* CollectionHeaderView.swift */ = {isa = PBXFileReference; fileEncoding = 4; lastKnownFileType = sourcecode.swift; path = CollectionHeaderView.swift; sourceTree = "<group>"; };
		81C2C71C1F220CBC0005E55F /* CollectionHeaderView.xib */ = {isa = PBXFileReference; fileEncoding = 4; lastKnownFileType = file.xib; path = CollectionHeaderView.xib; sourceTree = "<group>"; };
		81C7E1961F1EE33400948E66 /* Home.storyboard */ = {isa = PBXFileReference; fileEncoding = 4; lastKnownFileType = file.storyboard; path = Home.storyboard; sourceTree = "<group>"; };
		81C7E19A1F1EE36400948E66 /* Main.storyboard */ = {isa = PBXFileReference; fileEncoding = 4; lastKnownFileType = file.storyboard; path = Main.storyboard; sourceTree = "<group>"; };
		81C7E19E1F1EE38100948E66 /* Live.storyboard */ = {isa = PBXFileReference; fileEncoding = 4; lastKnownFileType = file.storyboard; path = Live.storyboard; sourceTree = "<group>"; };
		81C7E1A21F1EE39900948E66 /* Follow.storyboard */ = {isa = PBXFileReference; fileEncoding = 4; lastKnownFileType = file.storyboard; path = Follow.storyboard; sourceTree = "<group>"; };
		81C7E1A61F1EE3AD00948E66 /* Profile.storyboard */ = {isa = PBXFileReference; fileEncoding = 4; lastKnownFileType = file.storyboard; path = Profile.storyboard; sourceTree = "<group>"; };
		81C7E1AA1F1EE60400948E66 /* MainViewController.swift */ = {isa = PBXFileReference; fileEncoding = 4; lastKnownFileType = sourcecode.swift; path = MainViewController.swift; sourceTree = "<group>"; };
		81C7E1AC1F1EF66E00948E66 /* HomeViewController.swift */ = {isa = PBXFileReference; fileEncoding = 4; lastKnownFileType = sourcecode.swift; path = HomeViewController.swift; sourceTree = "<group>"; };
		81C7E1AF1F1F056000948E66 /* UIBarButtonItem-Extention.swift */ = {isa = PBXFileReference; fileEncoding = 4; lastKnownFileType = sourcecode.swift; path = "UIBarButtonItem-Extention.swift"; sourceTree = "<group>"; };
		81C7E1B11F1F172D00948E66 /* Common.swift */ = {isa = PBXFileReference; fileEncoding = 4; lastKnownFileType = sourcecode.swift; path = Common.swift; sourceTree = "<group>"; };
		A1461DDE91160955A3686D68 /* Pods_DouYuWL.framework */ = {isa = PBXFileReference; explicitFileType = wrapper.framework; includeInIndex = 0; path = Pods_DouYuWL.framework; sourceTree = BUILT_PRODUCTS_DIR; };
		D4E261137058B685466BFA9B /* Pods-DouYuWL.release.xcconfig */ = {isa = PBXFileReference; includeInIndex = 1; lastKnownFileType = text.xcconfig; name = "Pods-DouYuWL.release.xcconfig"; path = "Pods/Target Support Files/Pods-DouYuWL/Pods-DouYuWL.release.xcconfig"; sourceTree = "<group>"; };
/* End PBXFileReference section */

/* Begin PBXFrameworksBuildPhase section */
		185CD40E1E6A98C400241E76 /* Frameworks */ = {
			isa = PBXFrameworksBuildPhase;
			buildActionMask = 2147483647;
			files = (
				79B6C5A9383CBF25E18938CB /* Pods_DouYuWL.framework in Frameworks */,
			);
			runOnlyForDeploymentPostprocessing = 0;
		};
/* End PBXFrameworksBuildPhase section */

/* Begin PBXGroup section */
		185CD4081E6A98C400241E76 = {
			isa = PBXGroup;
			children = (
				185CD4131E6A98C400241E76 /* DouYuWL */,
				185CD4121E6A98C400241E76 /* Products */,
				2718895F0AFBA3E1D7C31236 /* Pods */,
				8DFDF374F8939A2B49F4BFDC /* Frameworks */,
			);
			sourceTree = "<group>";
		};
		185CD4121E6A98C400241E76 /* Products */ = {
			isa = PBXGroup;
			children = (
				185CD4111E6A98C400241E76 /* DouYuWL.app */,
			);
			name = Products;
			sourceTree = "<group>";
		};
		185CD4131E6A98C400241E76 /* DouYuWL */ = {
			isa = PBXGroup;
			children = (
				81C7E1741F1EDF3B00948E66 /* Classes */,
				185CD4141E6A98C400241E76 /* AppDelegate.swift */,
				185CD41B1E6A98C400241E76 /* Assets.xcassets */,
				185CD41D1E6A98C400241E76 /* LaunchScreen.storyboard */,
				185CD4201E6A98C400241E76 /* Info.plist */,
			);
			path = DouYuWL;
			sourceTree = "<group>";
		};
		2718895F0AFBA3E1D7C31236 /* Pods */ = {
			isa = PBXGroup;
			children = (
				7B502B54E9C8B68E36DA994A /* Pods-DouYuWL.debug.xcconfig */,
				D4E261137058B685466BFA9B /* Pods-DouYuWL.release.xcconfig */,
			);
			name = Pods;
			sourceTree = "<group>";
		};
		816910AA1F29F7550090AA79 /* Room */ = {
			isa = PBXGroup;
			children = (
				816910AB1F29F7550090AA79 /* Controller */,
				816910AC1F29F7550090AA79 /* Model */,
				816910AD1F29F7550090AA79 /* View */,
			);
			path = Room;
			sourceTree = "<group>";
		};
		816910AB1F29F7550090AA79 /* Controller */ = {
			isa = PBXGroup;
			children = (
				816910AE1F29F7700090AA79 /* RoomNormalViewController.swift */,
				816910B01F29F7940090AA79 /* RoomShowViewController.swift */,
			);
			path = Controller;
			sourceTree = "<group>";
		};
		816910AC1F29F7550090AA79 /* Model */ = {
			isa = PBXGroup;
			children = (
			);
			path = Model;
			sourceTree = "<group>";
		};
		816910AD1F29F7550090AA79 /* View */ = {
			isa = PBXGroup;
			children = (
			);
			path = View;
			sourceTree = "<group>";
		};
		817E03FE1F25FFB800F83F96 /* ViewModel */ = {
			isa = PBXGroup;
			children = (
				817E04001F25FFDC00F83F96 /* BaseViewModel.swift */,
			);
			path = ViewModel;
			sourceTree = "<group>";
		};
		817E03FF1F25FFC800F83F96 /* ViewModel */ = {
			isa = PBXGroup;
			children = (
				8175B5731F272218008D55EF /* RecommendViewModel.swift */,
				8169109E1F29D0A20090AA79 /* GameViewModel.swift */,
			);
			path = ViewModel;
			sourceTree = "<group>";
		};
		81C7E1741F1EDF3B00948E66 /* Classes */ = {
			isa = PBXGroup;
			children = (
				816910AA1F29F7550090AA79 /* Room */,
				81C7E1781F1EDF3B00948E66 /* Main */,
				81C7E1761F1EDF3B00948E66 /* Home */,
				81C7E1771F1EDF3B00948E66 /* Live */,
				81C7E1751F1EDF3B00948E66 /* Follow */,
				81C7E1791F1EDF3B00948E66 /* Profile */,
				81C7E17A1F1EDF3B00948E66 /* Tools */,
			);
			path = Classes;
			sourceTree = "<group>";
		};
		81C7E1751F1EDF3B00948E66 /* Follow */ = {
			isa = PBXGroup;
			children = (
				81C7E1931F1EE2BC00948E66 /* Controller */,
				81C7E1941F1EE2BC00948E66 /* Model */,
				81C7E1951F1EE2BC00948E66 /* View */,
			);
			path = Follow;
			sourceTree = "<group>";
		};
		81C7E1761F1EDF3B00948E66 /* Home */ = {
			isa = PBXGroup;
			children = (
				817E03FF1F25FFC800F83F96 /* ViewModel */,
				81C7E1901F1EE2B400948E66 /* Controller */,
				81C7E1911F1EE2B400948E66 /* Model */,
				81C7E1921F1EE2B400948E66 /* View */,
			);
			path = Home;
			sourceTree = "<group>";
		};
		81C7E1771F1EDF3B00948E66 /* Live */ = {
			isa = PBXGroup;
			children = (
				81C7E18D1F1EE2A700948E66 /* Controller */,
				81C7E18E1F1EE2A700948E66 /* Model */,
				81C7E18F1F1EE2A700948E66 /* View */,
			);
			path = Live;
			sourceTree = "<group>";
		};
		81C7E1781F1EDF3B00948E66 /* Main */ = {
			isa = PBXGroup;
			children = (
				817E03FE1F25FFB800F83F96 /* ViewModel */,
				81C7E18A1F1EE29F00948E66 /* Controller */,
				81C7E18B1F1EE29F00948E66 /* Model */,
				81C7E18C1F1EE29F00948E66 /* View */,
			);
			path = Main;
			sourceTree = "<group>";
		};
		81C7E1791F1EDF3B00948E66 /* Profile */ = {
			isa = PBXGroup;
			children = (
				81C7E1871F1EE29400948E66 /* Controller */,
				81C7E1881F1EE29400948E66 /* Model */,
				81C7E1891F1EE29400948E66 /* View */,
			);
			path = Profile;
			sourceTree = "<group>";
		};
		81C7E17A1F1EDF3B00948E66 /* Tools */ = {
			isa = PBXGroup;
			children = (
				81C7E1AE1F1F052500948E66 /* Extension */,
				8175B5751F272410008D55EF /* NSDate-Extension.swift */,
			);
			path = Tools;
			sourceTree = "<group>";
		};
		81C7E1871F1EE29400948E66 /* Controller */ = {
			isa = PBXGroup;
			children = (
				81C7E1A61F1EE3AD00948E66 /* Profile.storyboard */,
			);
			path = Controller;
			sourceTree = "<group>";
		};
		81C7E1881F1EE29400948E66 /* Model */ = {
			isa = PBXGroup;
			children = (
			);
			path = Model;
			sourceTree = "<group>";
		};
		81C7E1891F1EE29400948E66 /* View */ = {
			isa = PBXGroup;
			children = (
			);
			path = View;
			sourceTree = "<group>";
		};
		81C7E18A1F1EE29F00948E66 /* Controller */ = {
			isa = PBXGroup;
			children = (
				81C7E19A1F1EE36400948E66 /* Main.storyboard */,
				81C7E1AA1F1EE60400948E66 /* MainViewController.swift */,
				8175B56D1F26F5DF008D55EF /* BaseViewController.swift */,
				8175B5711F26F964008D55EF /* BaseAnchorViewController.swift */,
			);
			path = Controller;
			sourceTree = "<group>";
		};
		81C7E18B1F1EE29F00948E66 /* Model */ = {
			isa = PBXGroup;
			children = (
				817E03FA1F25F5A600F83F96 /* BaseGameModel.swift */,
				817E03F81F25F57B00F83F96 /* AnchorGroupModel.swift */,
				817E03FC1F25FCC700F83F96 /* AnchorModel.swift */,
			);
			path = Model;
			sourceTree = "<group>";
		};
		81C7E18C1F1EE29F00948E66 /* View */ = {
			isa = PBXGroup;
			children = (
				8112C28B1F1F34EA00915559 /* PageTitleView.swift */,
				18694CD41F1FA98F00FB2589 /* PageContentView.swift */,
				81C2C70D1F220BF30005E55F /* CollectionNormalCell.swift */,
				81C2C70E1F220BF30005E55F /* CollectionNormalCell.xib */,
				81C2C70F1F220BF30005E55F /* CollectionPrettyCell.swift */,
				81C2C7101F220BF30005E55F /* CollectionPrettyCell.xib */,
				817E03F61F25F2B100F83F96 /* CollectionBaseCell.swift */,
			);
			path = View;
			sourceTree = "<group>";
		};
		81C7E18D1F1EE2A700948E66 /* Controller */ = {
			isa = PBXGroup;
			children = (
				81C7E19E1F1EE38100948E66 /* Live.storyboard */,
			);
			path = Controller;
			sourceTree = "<group>";
		};
		81C7E18E1F1EE2A700948E66 /* Model */ = {
			isa = PBXGroup;
			children = (
			);
			path = Model;
			sourceTree = "<group>";
		};
		81C7E18F1F1EE2A700948E66 /* View */ = {
			isa = PBXGroup;
			children = (
			);
			path = View;
			sourceTree = "<group>";
		};
		81C7E1901F1EE2B400948E66 /* Controller */ = {
			isa = PBXGroup;
			children = (
				81C7E1961F1EE33400948E66 /* Home.storyboard */,
				81C7E1AC1F1EF66E00948E66 /* HomeViewController.swift */,
				81C2C7151F220C020005E55F /* RecommendViewController.swift */,
				816910A01F29D6B60090AA79 /* GameViewController.swift */,
			);
			path = Controller;
			sourceTree = "<group>";
		};
		81C7E1911F1EE2B400948E66 /* Model */ = {
			isa = PBXGroup;
			children = (
				8175B5771F272ACF008D55EF /* CycleModel.swift */,
				8169109A1F29D0520090AA79 /* GameModel.swift */,
			);
			path = Model;
			sourceTree = "<group>";
		};
		81C7E1921F1EE2B400948E66 /* View */ = {
			isa = PBXGroup;
			children = (
				81C2C71B1F220CBC0005E55F /* CollectionHeaderView.swift */,
				81C2C71C1F220CBC0005E55F /* CollectionHeaderView.xib */,
				8175B5791F272E83008D55EF /* RecommendCycleView.swift */,
				8175B57B1F272E91008D55EF /* RecommendCycleView.xib */,
				8175B5811F2733B8008D55EF /* CollectionCycleCell.swift */,
				8175B5821F2733B8008D55EF /* CollectionCycleCell.xib */,
				816910A21F29D8D80090AA79 /* RecommendGameView.swift */,
				816910A41F29D8EB0090AA79 /* RecommendGameView.xib */,
				816910A61F29D96C0090AA79 /* CollectionGameCell.swift */,
				816910A71F29D96C0090AA79 /* CollectionGameCell.xib */,
			);
			path = View;
			sourceTree = "<group>";
		};
		81C7E1931F1EE2BC00948E66 /* Controller */ = {
			isa = PBXGroup;
			children = (
				81C7E1A21F1EE39900948E66 /* Follow.storyboard */,
			);
			path = Controller;
			sourceTree = "<group>";
		};
		81C7E1941F1EE2BC00948E66 /* Model */ = {
			isa = PBXGroup;
			children = (
			);
			path = Model;
			sourceTree = "<group>";
		};
		81C7E1951F1EE2BC00948E66 /* View */ = {
			isa = PBXGroup;
			children = (
			);
			path = View;
			sourceTree = "<group>";
		};
		81C7E1AE1F1F052500948E66 /* Extension */ = {
			isa = PBXGroup;
			children = (
				81C7E1AF1F1F056000948E66 /* UIBarButtonItem-Extention.swift */,
				8112C28D1F1F4DA300915559 /* UIColor-Extension.swift */,
				81C7E1B11F1F172D00948E66 /* Common.swift */,
				817E03F01F25EC3700F83F96 /* NetWorkTool.swift */,
			);
			path = Extension;
			sourceTree = "<group>";
		};
		8DFDF374F8939A2B49F4BFDC /* Frameworks */ = {
			isa = PBXGroup;
			children = (
				A1461DDE91160955A3686D68 /* Pods_DouYuWL.framework */,
			);
			name = Frameworks;
			sourceTree = "<group>";
		};
/* End PBXGroup section */

/* Begin PBXNativeTarget section */
		185CD4101E6A98C400241E76 /* DouYuWL */ = {
			isa = PBXNativeTarget;
			buildConfigurationList = 185CD4231E6A98C400241E76 /* Build configuration list for PBXNativeTarget "DouYuWL" */;
			buildPhases = (
				C93387E5F8026D5A7B3969C5 /* [CP] Check Pods Manifest.lock */,
				185CD40D1E6A98C400241E76 /* Sources */,
				185CD40E1E6A98C400241E76 /* Frameworks */,
				185CD40F1E6A98C400241E76 /* Resources */,
				60418F118C82ACDD3249B75A /* [CP] Embed Pods Frameworks */,
				67DA7765452A4C65FF77F9BD /* [CP] Copy Pods Resources */,
			);
			buildRules = (
			);
			dependencies = (
			);
			name = DouYuWL;
			productName = DouYuWL;
			productReference = 185CD4111E6A98C400241E76 /* DouYuWL.app */;
			productType = "com.apple.product-type.application";
		};
/* End PBXNativeTarget section */

/* Begin PBXProject section */
		185CD4091E6A98C400241E76 /* Project object */ = {
			isa = PBXProject;
			attributes = {
				LastSwiftUpdateCheck = 0800;
				LastUpgradeCheck = 0800;
				ORGANIZATIONNAME = apple;
				TargetAttributes = {
					185CD4101E6A98C400241E76 = {
						CreatedOnToolsVersion = 8.0;
						DevelopmentTeam = 34CC3Y6G4G;
						ProvisioningStyle = Automatic;
					};
				};
			};
			buildConfigurationList = 185CD40C1E6A98C400241E76 /* Build configuration list for PBXProject "DouYuWL" */;
			compatibilityVersion = "Xcode 3.2";
			developmentRegion = English;
			hasScannedForEncodings = 0;
			knownRegions = (
				en,
				Base,
			);
			mainGroup = 185CD4081E6A98C400241E76;
			productRefGroup = 185CD4121E6A98C400241E76 /* Products */;
			projectDirPath = "";
			projectRoot = "";
			targets = (
				185CD4101E6A98C400241E76 /* DouYuWL */,
			);
		};
/* End PBXProject section */

/* Begin PBXResourcesBuildPhase section */
		185CD40F1E6A98C400241E76 /* Resources */ = {
			isa = PBXResourcesBuildPhase;
			buildActionMask = 2147483647;
			files = (
				185CD41F1E6A98C400241E76 /* LaunchScreen.storyboard in Resources */,
				185CD41C1E6A98C400241E76 /* Assets.xcassets in Resources */,
				81C7E19C1F1EE36400948E66 /* Main.storyboard in Resources */,
				81C2C71E1F220CBC0005E55F /* CollectionHeaderView.xib in Resources */,
				81C7E1A41F1EE39900948E66 /* Follow.storyboard in Resources */,
				81C7E1981F1EE33400948E66 /* Home.storyboard in Resources */,
				81C7E1A81F1EE3AD00948E66 /* Profile.storyboard in Resources */,
				816910A91F29D96C0090AA79 /* CollectionGameCell.xib in Resources */,
				8175B57C1F272E91008D55EF /* RecommendCycleView.xib in Resources */,
				8175B5841F2733B8008D55EF /* CollectionCycleCell.xib in Resources */,
				81C2C7121F220BF30005E55F /* CollectionNormalCell.xib in Resources */,
				81C2C7141F220BF30005E55F /* CollectionPrettyCell.xib in Resources */,
				816910A51F29D8EB0090AA79 /* RecommendGameView.xib in Resources */,
				81C7E1A01F1EE38100948E66 /* Live.storyboard in Resources */,
			);
			runOnlyForDeploymentPostprocessing = 0;
		};
/* End PBXResourcesBuildPhase section */

/* Begin PBXShellScriptBuildPhase section */
		60418F118C82ACDD3249B75A /* [CP] Embed Pods Frameworks */ = {
			isa = PBXShellScriptBuildPhase;
			buildActionMask = 2147483647;
			files = (
			);
			inputPaths = (
			);
			name = "[CP] Embed Pods Frameworks";
			outputPaths = (
			);
			runOnlyForDeploymentPostprocessing = 0;
			shellPath = /bin/sh;
			shellScript = "\"${SRCROOT}/Pods/Target Support Files/Pods-DouYuWL/Pods-DouYuWL-frameworks.sh\"\n";
			showEnvVarsInLog = 0;
		};
		67DA7765452A4C65FF77F9BD /* [CP] Copy Pods Resources */ = {
			isa = PBXShellScriptBuildPhase;
			buildActionMask = 2147483647;
			files = (
			);
			inputPaths = (
			);
			name = "[CP] Copy Pods Resources";
			outputPaths = (
			);
			runOnlyForDeploymentPostprocessing = 0;
			shellPath = /bin/sh;
			shellScript = "\"${SRCROOT}/Pods/Target Support Files/Pods-DouYuWL/Pods-DouYuWL-resources.sh\"\n";
			showEnvVarsInLog = 0;
		};
		C93387E5F8026D5A7B3969C5 /* [CP] Check Pods Manifest.lock */ = {
			isa = PBXShellScriptBuildPhase;
			buildActionMask = 2147483647;
			files = (
			);
			inputPaths = (
			);
			name = "[CP] Check Pods Manifest.lock";
			outputPaths = (
			);
			runOnlyForDeploymentPostprocessing = 0;
			shellPath = /bin/sh;
			shellScript = "diff \"${PODS_PODFILE_DIR_PATH}/Podfile.lock\" \"${PODS_ROOT}/Manifest.lock\" > /dev/null\nif [ $? != 0 ] ; then\n    # print error to STDERR\n    echo \"error: The sandbox is not in sync with the Podfile.lock. Run 'pod install' or update your CocoaPods installation.\" >&2\n    exit 1\nfi\n";
			showEnvVarsInLog = 0;
		};
/* End PBXShellScriptBuildPhase section */

/* Begin PBXSourcesBuildPhase section */
		185CD40D1E6A98C400241E76 /* Sources */ = {
			isa = PBXSourcesBuildPhase;
			buildActionMask = 2147483647;
			files = (
				816910A11F29D6B60090AA79 /* GameViewController.swift in Sources */,
				8112C28C1F1F34EA00915559 /* PageTitleView.swift in Sources */,
				185CD4151E6A98C400241E76 /* AppDelegate.swift in Sources */,
				816910A31F29D8D80090AA79 /* RecommendGameView.swift in Sources */,
				8175B5721F26F964008D55EF /* BaseAnchorViewController.swift in Sources */,
				81C7E1AB1F1EE60400948E66 /* MainViewController.swift in Sources */,
				81C2C7131F220BF30005E55F /* CollectionPrettyCell.swift in Sources */,
				8175B56E1F26F5DF008D55EF /* BaseViewController.swift in Sources */,
				8175B5831F2733B8008D55EF /* CollectionCycleCell.swift in Sources */,
				817E03FB1F25F5A600F83F96 /* BaseGameModel.swift in Sources */,
				817E04011F25FFDC00F83F96 /* BaseViewModel.swift in Sources */,
				8169109F1F29D0A20090AA79 /* GameViewModel.swift in Sources */,
				8175B57A1F272E83008D55EF /* RecommendCycleView.swift in Sources */,
				18694CD51F1FA98F00FB2589 /* PageContentView.swift in Sources */,
				8169109B1F29D0520090AA79 /* GameModel.swift in Sources */,
				81C7E1AD1F1EF66E00948E66 /* HomeViewController.swift in Sources */,
				81C7E1B21F1F172D00948E66 /* Common.swift in Sources */,
				8112C28E1F1F4DA300915559 /* UIColor-Extension.swift in Sources */,
				8175B5761F272410008D55EF /* NSDate-Extension.swift in Sources */,
				81C2C7111F220BF30005E55F /* CollectionNormalCell.swift in Sources */,
				816910B11F29F7940090AA79 /* RoomShowViewController.swift in Sources */,
				816910AF1F29F7700090AA79 /* RoomNormalViewController.swift in Sources */,
				8175B5741F272218008D55EF /* RecommendViewModel.swift in Sources */,
				81C2C71D1F220CBC0005E55F /* CollectionHeaderView.swift in Sources */,
				81C7E1B01F1F056000948E66 /* UIBarButtonItem-Extention.swift in Sources */,
				816910A81F29D96C0090AA79 /* CollectionGameCell.swift in Sources */,
				817E03F91F25F57B00F83F96 /* AnchorGroupModel.swift in Sources */,
				81C2C7161F220C020005E55F /* RecommendViewController.swift in Sources */,
				817E03F71F25F2B100F83F96 /* CollectionBaseCell.swift in Sources */,
				817E03F11F25EC3700F83F96 /* NetWorkTool.swift in Sources */,
				8175B5781F272ACF008D55EF /* CycleModel.swift in Sources */,
				817E03FD1F25FCC700F83F96 /* AnchorModel.swift in Sources */,
			);
			runOnlyForDeploymentPostprocessing = 0;
		};
/* End PBXSourcesBuildPhase section */

/* Begin PBXVariantGroup section */
		185CD41D1E6A98C400241E76 /* LaunchScreen.storyboard */ = {
			isa = PBXVariantGroup;
			children = (
				185CD41E1E6A98C400241E76 /* Base */,
			);
			name = LaunchScreen.storyboard;
			sourceTree = "<group>";
		};
/* End PBXVariantGroup section */

/* Begin XCBuildConfiguration section */
		185CD4211E6A98C400241E76 /* Debug */ = {
			isa = XCBuildConfiguration;
			buildSettings = {
				ALWAYS_SEARCH_USER_PATHS = NO;
				CLANG_ANALYZER_NONNULL = YES;
				CLANG_CXX_LANGUAGE_STANDARD = "gnu++0x";
				CLANG_CXX_LIBRARY = "libc++";
				CLANG_ENABLE_MODULES = YES;
				CLANG_ENABLE_OBJC_ARC = YES;
				CLANG_WARN_BOOL_CONVERSION = YES;
				CLANG_WARN_CONSTANT_CONVERSION = YES;
				CLANG_WARN_DIRECT_OBJC_ISA_USAGE = YES_ERROR;
				CLANG_WARN_DOCUMENTATION_COMMENTS = YES;
				CLANG_WARN_EMPTY_BODY = YES;
				CLANG_WARN_ENUM_CONVERSION = YES;
				CLANG_WARN_INFINITE_RECURSION = YES;
				CLANG_WARN_INT_CONVERSION = YES;
				CLANG_WARN_OBJC_ROOT_CLASS = YES_ERROR;
				CLANG_WARN_SUSPICIOUS_MOVES = YES;
				CLANG_WARN_UNREACHABLE_CODE = YES;
				CLANG_WARN__DUPLICATE_METHOD_MATCH = YES;
				"CODE_SIGN_IDENTITY[sdk=iphoneos*]" = "iPhone Developer";
				COPY_PHASE_STRIP = NO;
				DEBUG_INFORMATION_FORMAT = dwarf;
				ENABLE_STRICT_OBJC_MSGSEND = YES;
				ENABLE_TESTABILITY = YES;
				GCC_C_LANGUAGE_STANDARD = gnu99;
				GCC_DYNAMIC_NO_PIC = NO;
				GCC_NO_COMMON_BLOCKS = YES;
				GCC_OPTIMIZATION_LEVEL = 0;
				GCC_PREPROCESSOR_DEFINITIONS = (
					"DEBUG=1",
					"$(inherited)",
				);
				GCC_WARN_64_TO_32_BIT_CONVERSION = YES;
				GCC_WARN_ABOUT_RETURN_TYPE = YES_ERROR;
				GCC_WARN_UNDECLARED_SELECTOR = YES;
				GCC_WARN_UNINITIALIZED_AUTOS = YES_AGGRESSIVE;
				GCC_WARN_UNUSED_FUNCTION = YES;
				GCC_WARN_UNUSED_VARIABLE = YES;
				IPHONEOS_DEPLOYMENT_TARGET = 10.0;
				MTL_ENABLE_DEBUG_INFO = YES;
				ONLY_ACTIVE_ARCH = YES;
				SDKROOT = iphoneos;
				SWIFT_ACTIVE_COMPILATION_CONDITIONS = DEBUG;
				SWIFT_OPTIMIZATION_LEVEL = "-Onone";
			};
			name = Debug;
		};
		185CD4221E6A98C400241E76 /* Release */ = {
			isa = XCBuildConfiguration;
			buildSettings = {
				ALWAYS_SEARCH_USER_PATHS = NO;
				CLANG_ANALYZER_NONNULL = YES;
				CLANG_CXX_LANGUAGE_STANDARD = "gnu++0x";
				CLANG_CXX_LIBRARY = "libc++";
				CLANG_ENABLE_MODULES = YES;
				CLANG_ENABLE_OBJC_ARC = YES;
				CLANG_WARN_BOOL_CONVERSION = YES;
				CLANG_WARN_CONSTANT_CONVERSION = YES;
				CLANG_WARN_DIRECT_OBJC_ISA_USAGE = YES_ERROR;
				CLANG_WARN_DOCUMENTATION_COMMENTS = YES;
				CLANG_WARN_EMPTY_BODY = YES;
				CLANG_WARN_ENUM_CONVERSION = YES;
				CLANG_WARN_INFINITE_RECURSION = YES;
				CLANG_WARN_INT_CONVERSION = YES;
				CLANG_WARN_OBJC_ROOT_CLASS = YES_ERROR;
				CLANG_WARN_SUSPICIOUS_MOVES = YES;
				CLANG_WARN_UNREACHABLE_CODE = YES;
				CLANG_WARN__DUPLICATE_METHOD_MATCH = YES;
				"CODE_SIGN_IDENTITY[sdk=iphoneos*]" = "iPhone Developer";
				COPY_PHASE_STRIP = NO;
				DEBUG_INFORMATION_FORMAT = "dwarf-with-dsym";
				ENABLE_NS_ASSERTIONS = NO;
				ENABLE_STRICT_OBJC_MSGSEND = YES;
				GCC_C_LANGUAGE_STANDARD = gnu99;
				GCC_NO_COMMON_BLOCKS = YES;
				GCC_WARN_64_TO_32_BIT_CONVERSION = YES;
				GCC_WARN_ABOUT_RETURN_TYPE = YES_ERROR;
				GCC_WARN_UNDECLARED_SELECTOR = YES;
				GCC_WARN_UNINITIALIZED_AUTOS = YES_AGGRESSIVE;
				GCC_WARN_UNUSED_FUNCTION = YES;
				GCC_WARN_UNUSED_VARIABLE = YES;
				IPHONEOS_DEPLOYMENT_TARGET = 10.0;
				MTL_ENABLE_DEBUG_INFO = NO;
				SDKROOT = iphoneos;
				SWIFT_OPTIMIZATION_LEVEL = "-Owholemodule";
				VALIDATE_PRODUCT = YES;
			};
			name = Release;
		};
		185CD4241E6A98C400241E76 /* Debug */ = {
			isa = XCBuildConfiguration;
			baseConfigurationReference = 7B502B54E9C8B68E36DA994A /* Pods-DouYuWL.debug.xcconfig */;
			buildSettings = {
				ASSETCATALOG_COMPILER_APPICON_NAME = AppIcon;
				ASSETCATALOG_COMPILER_LAUNCHIMAGE_NAME = LaunchImage;
				DEVELOPMENT_TEAM = 34CC3Y6G4G;
				INFOPLIST_FILE = DouYuWL/Info.plist;
				IPHONEOS_DEPLOYMENT_TARGET = 8.0;
				LD_RUNPATH_SEARCH_PATHS = "$(inherited) @executable_path/Frameworks";
				PRODUCT_BUNDLE_IDENTIFIER = com.WenLongJiang.DouYuWL;
				PRODUCT_NAME = "$(TARGET_NAME)";
				SWIFT_VERSION = 3.0;
			};
			name = Debug;
		};
		185CD4251E6A98C400241E76 /* Release */ = {
			isa = XCBuildConfiguration;
			baseConfigurationReference = D4E261137058B685466BFA9B /* Pods-DouYuWL.release.xcconfig */;
			buildSettings = {
				ASSETCATALOG_COMPILER_APPICON_NAME = AppIcon;
				ASSETCATALOG_COMPILER_LAUNCHIMAGE_NAME = LaunchImage;
				DEVELOPMENT_TEAM = 34CC3Y6G4G;
				INFOPLIST_FILE = DouYuWL/Info.plist;
				IPHONEOS_DEPLOYMENT_TARGET = 8.0;
				LD_RUNPATH_SEARCH_PATHS = "$(inherited) @executable_path/Frameworks";
				PRODUCT_BUNDLE_IDENTIFIER = com.WenLongJiang.DouYuWL;
				PRODUCT_NAME = "$(TARGET_NAME)";
				SWIFT_VERSION = 3.0;
			};
			name = Release;
		};
/* End XCBuildConfiguration section */

/* Begin XCConfigurationList section */
		185CD40C1E6A98C400241E76 /* Build configuration list for PBXProject "DouYuWL" */ = {
			isa = XCConfigurationList;
			buildConfigurations = (
				185CD4211E6A98C400241E76 /* Debug */,
				185CD4221E6A98C400241E76 /* Release */,
			);
			defaultConfigurationIsVisible = 0;
			defaultConfigurationName = Release;
		};
		185CD4231E6A98C400241E76 /* Build configuration list for PBXNativeTarget "DouYuWL" */ = {
			isa = XCConfigurationList;
			buildConfigurations = (
				185CD4241E6A98C400241E76 /* Debug */,
				185CD4251E6A98C400241E76 /* Release */,
			);
			defaultConfigurationIsVisible = 0;
			defaultConfigurationName = Release;
		};
/* End XCConfigurationList section */
	};
	rootObject = 185CD4091E6A98C400241E76 /* Project object */;
}
